{
    "_readme": [
        "This file locks the dependencies of your project to a known state",
        "Read more about it at http://getcomposer.org/doc/01-basic-usage.md#composer-lock-the-lock-file",
        "This file is @generated automatically"
    ],
    "hash": "a92faf6c41e17125e2072914b1e4dca0",
    "packages": [
        {
            "name": "mustache/mustache",
            "version": "v2.6.1",
            "source": {
                "type": "git",
                "url": "https://github.com/bobthecow/mustache.php.git",
                "reference": "1430ca884912eaba2b3830856b45685733b16789"
            },
            "dist": {
                "type": "zip",
                "url": "https://api.github.com/repos/bobthecow/mustache.php/zipball/1430ca884912eaba2b3830856b45685733b16789",
                "reference": "1430ca884912eaba2b3830856b45685733b16789",
                "shasum": ""
            },
            "require": {
                "php": ">=5.2.4"
            },
            "require-dev": {
                "phpunit/phpunit": "*"
            },
            "type": "library",
            "autoload": {
                "psr-0": {
                    "Mustache": "src/"
                }
            },
            "notification-url": "https://packagist.org/downloads/",
            "license": [
                "MIT"
            ],
            "authors": [
                {
                    "name": "Justin Hileman",
                    "email": "justin@justinhileman.info",
                    "homepage": "http://justinhileman.com"
                }
            ],
            "description": "A Mustache implementation in PHP.",
            "homepage": "https://github.com/bobthecow/mustache.php",
            "keywords": [
                "mustache",
                "templating"
            ],
            "time": "2014-06-20 19:34:49"
        },
        {
            "name": "webit/eval-math",
            "version": "dev-master",
            "source": {
                "type": "git",
                "url": "https://github.com/dbojdo/eval-math.git",
                "reference": "cbc2e550e8a93823f8cb4ff79f2858a42d0ccd18"
            },
            "dist": {
                "type": "zip",
                "url": "https://api.github.com/repos/dbojdo/eval-math/zipball/cbc2e550e8a93823f8cb4ff79f2858a42d0ccd18",
                "reference": "cbc2e550e8a93823f8cb4ff79f2858a42d0ccd18",
                "shasum": ""
            },
            "type": "library",
            "autoload": {
                "psr-0": {
                    "Webit\\Util\\EvalMath": "src/"
                }
            },
            "notification-url": "https://packagist.org/downloads/",
            "description": "EvalMath",
            "keywords": [
                "EvalMath"
            ],
            "time": "2014-07-11 09:55:10"
        }
    ],
    "packages-dev": [],
    "aliases": [],
    "minimum-stability": "stable",
    "stability-flags": {
        "webit/eval-math": 20
    },
    "prefer-stable": false,
    "platform": [],
    "platform-dev": []
}
